
Microsoft Visual Studio Solution File, Format Version 12.00
# Visual Studio Version 17
VisualStudioVersion = 17.5.33530.505
MinimumVisualStudioVersion = 10.0.40219.1
Project("{8BC9CEB8-8B4A-11D0-8D11-00A0C91BC942}") = "ASIClientTest1", "ASIClientTest1.vcxproj", "{BB346D99-CFD9-47EC-95AA-28D8DFD9E82E}"
EndProject
Global
	GlobalSection(SolutionConfigurationPlatforms) = preSolution
		Debug|x64 = Debug|x64
		Debug|x86 = Debug|x86
		Release|x64 = Release|x64
		Release|x86 = Release|x86
	EndGlobalSection
	GlobalSection(ProjectConfigurationPlatforms) = postSolution
		{BB346D99-CFD9-47EC-95AA-28D8DFD9E82E}.Debug|x64.ActiveCfg = Debug|x64
		{BB346D99-CFD9-47EC-95AA-28D8DFD9E82E}.Debug|x64.Build.0 = Debug|x64
		{BB346D99-CFD9-47EC-95AA-28D8DFD9E82E}.Debug|x86.ActiveCfg = Debug|Win32
		{BB346D99-CFD9-47EC-95AA-28D8DFD9E82E}.Debug|x86.Build.0 = Debug|Win32
		{BB346D99-CFD9-47EC-95AA-28D8DFD9E82E}.Release|x64.ActiveCfg = Release|x64
		{BB346D99-CFD9-47EC-95AA-28D8DFD9E82E}.Release|x64.Build.0 = Release|x64
		{BB346D99-CFD9-47EC-95AA-28D8DFD9E82E}.Release|x86.ActiveCfg = Release|Win32
		{BB346D99-CFD9-47EC-95AA-28D8DFD9E82E}.Release|x86.Build.0 = Release|Win32
	EndGlobalSection
	GlobalSection(SolutionProperties) = preSolution
		HideSolutionNode = FALSE
	EndGlobalSection
	GlobalSection(ExtensibilityGlobals) = postSolution
		SolutionGuid = {FF3362A5-E910-41B3-8877-4F46FAC0ADAB}
	EndGlobalSection
EndGlobal
